
Microsoft Visual Studio Solution File, Format Version 12.00
# Visual Studio Version 17
VisualStudioVersion = 17.6.33815.320
MinimumVisualStudioVersion = 10.0.40219.1
Project("{FAE04EC0-301F-11D3-BF4B-00C04F79EFBC}") = "basement-learn-v1", "basement-learn-v1\basement-learn-v1.csproj", "{CEA0E8E6-51CC-4390-99B8-388E84ACAD6B}"
EndProject
Global
	GlobalSection(SolutionConfigurationPlatforms) = preSolution
		Debug|Any CPU = Debug|Any CPU
		Release|Any CPU = Release|Any CPU
	EndGlobalSection
	GlobalSection(ProjectConfigurationPlatforms) = postSolution
		{CEA0E8E6-51CC-4390-99B8-388E84ACAD6B}.Debug|Any CPU.ActiveCfg = Debug|Any CPU
		{CEA0E8E6-51CC-4390-99B8-388E84ACAD6B}.Debug|Any CPU.Build.0 = Debug|Any CPU
		{CEA0E8E6-51CC-4390-99B8-388E84ACAD6B}.Release|Any CPU.ActiveCfg = Release|Any CPU
		{CEA0E8E6-51CC-4390-99B8-388E84ACAD6B}.Release|Any CPU.Build.0 = Release|Any CPU
	EndGlobalSection
	GlobalSection(SolutionProperties) = preSolution
		HideSolutionNode = FALSE
	EndGlobalSection
	GlobalSection(ExtensibilityGlobals) = postSolution
		SolutionGuid = {164F751A-4C67-46AD-B74D-6813E2589972}
	EndGlobalSection
EndGlobal
